
Microsoft Visual Studio Solution File, Format Version 12.00
# Visual Studio Version 17
VisualStudioVersion = 17.7.34024.191
MinimumVisualStudioVersion = 10.0.40219.1
Project("{9A19103F-16F7-4668-BE54-9A1E7A4F7556}") = "CursachFront", "CursachFront\CursachFront.csproj", "{504C490B-8532-4DC4-89BD-4ECEABB3B911}"
EndProject
Project("{9A19103F-16F7-4668-BE54-9A1E7A4F7556}") = "CursachFront.Core", "CursachFront.Core\CursachFront.Core.csproj", "{6E1CD59D-A1BA-48CB-8C0A-638CAA027EB7}"
EndProject
Project("{2150E333-8FDC-42A3-9474-1A3956D46DE8}") = "Элементы решения", "Элементы решения", "{FFF2029E-C309-4D61-81B0-05294D919863}"
EndProject
Global
	GlobalSection(SolutionConfigurationPlatforms) = preSolution
		Debug|Any CPU = Debug|Any CPU
		Release|Any CPU = Release|Any CPU
	EndGlobalSection
	GlobalSection(ProjectConfigurationPlatforms) = postSolution
		{504C490B-8532-4DC4-89BD-4ECEABB3B911}.Debug|Any CPU.ActiveCfg = Debug|Any CPU
		{504C490B-8532-4DC4-89BD-4ECEABB3B911}.Debug|Any CPU.Build.0 = Debug|Any CPU
		{504C490B-8532-4DC4-89BD-4ECEABB3B911}.Release|Any CPU.ActiveCfg = Release|Any CPU
		{504C490B-8532-4DC4-89BD-4ECEABB3B911}.Release|Any CPU.Build.0 = Release|Any CPU
		{6E1CD59D-A1BA-48CB-8C0A-638CAA027EB7}.Debug|Any CPU.ActiveCfg = Debug|Any CPU
		{6E1CD59D-A1BA-48CB-8C0A-638CAA027EB7}.Debug|Any CPU.Build.0 = Debug|Any CPU
		{6E1CD59D-A1BA-48CB-8C0A-638CAA027EB7}.Release|Any CPU.ActiveCfg = Release|Any CPU
		{6E1CD59D-A1BA-48CB-8C0A-638CAA027EB7}.Release|Any CPU.Build.0 = Release|Any CPU
	EndGlobalSection
	GlobalSection(SolutionProperties) = preSolution
		HideSolutionNode = FALSE
	EndGlobalSection
	GlobalSection(ExtensibilityGlobals) = postSolution
		SolutionGuid = {B91C6FA0-3CBF-4BE0-A6B4-A990D4891395}
	EndGlobalSection
EndGlobal
